
Microsoft Visual Studio Solution File, Format Version 12.00
# Visual Studio 15
VisualStudioVersion = 15.0.27617.1
MinimumVisualStudioVersion = 10.0.40219.1
Project("{FAE04EC0-301F-11D3-BF4B-00C04F79EFBC}") = "TaskDialogLib", "src\TaskDialogLib\TaskDialogLib.csproj", "{AFFBF61B-EA2F-4FC1-A40D-EE552246ADFB}"
EndProject
Project("{FAE04EC0-301F-11D3-BF4B-00C04F79EFBC}") = "TaskDialogLibTest", "src\TaskDialogLibTest\TaskDialogLibTest.csproj", "{4EEAE5DC-CCCF-46E1-A357-297D4159A2C0}"
EndProject
Project("{2150E333-8FDC-42A3-9474-1A3956D46DE8}") = "NuGet", "NuGet", "{4B1E65E5-F2C6-40CC-A086-F9A777CA3649}"
	ProjectSection(SolutionItems) = preProject
		TaskDialogLib.nuspec = TaskDialogLib.nuspec
	EndProjectSection
EndProject
Global
	GlobalSection(SolutionConfigurationPlatforms) = preSolution
		Debug|Any CPU = Debug|Any CPU
		Release|Any CPU = Release|Any CPU
	EndGlobalSection
	GlobalSection(ProjectConfigurationPlatforms) = postSolution
		{AFFBF61B-EA2F-4FC1-A40D-EE552246ADFB}.Debug|Any CPU.ActiveCfg = Debug|Any CPU
		{AFFBF61B-EA2F-4FC1-A40D-EE552246ADFB}.Debug|Any CPU.Build.0 = Debug|Any CPU
		{AFFBF61B-EA2F-4FC1-A40D-EE552246ADFB}.Release|Any CPU.ActiveCfg = Release|Any CPU
		{AFFBF61B-EA2F-4FC1-A40D-EE552246ADFB}.Release|Any CPU.Build.0 = Release|Any CPU
		{4EEAE5DC-CCCF-46E1-A357-297D4159A2C0}.Debug|Any CPU.ActiveCfg = Debug|Any CPU
		{4EEAE5DC-CCCF-46E1-A357-297D4159A2C0}.Debug|Any CPU.Build.0 = Debug|Any CPU
		{4EEAE5DC-CCCF-46E1-A357-297D4159A2C0}.Release|Any CPU.ActiveCfg = Release|Any CPU
		{4EEAE5DC-CCCF-46E1-A357-297D4159A2C0}.Release|Any CPU.Build.0 = Release|Any CPU
	EndGlobalSection
	GlobalSection(SolutionProperties) = preSolution
		HideSolutionNode = FALSE
	EndGlobalSection
	GlobalSection(ExtensibilityGlobals) = postSolution
		SolutionGuid = {AE7BD9B4-D0FB-4272-BC36-91CDC57C74D2}
	EndGlobalSection
EndGlobal
